
Microsoft Visual Studio Solution File, Format Version 12.00
# Visual Studio Version 17
VisualStudioVersion = 17.6.33717.318
MinimumVisualStudioVersion = 10.0.40219.1
Project("{2150E333-8FDC-42A3-9474-1A3956D46DE8}") = "Movile", "Movile", "{661F8963-45D1-49FC-88D8-4FEC67EEBF44}"
EndProject
Project("{2150E333-8FDC-42A3-9474-1A3956D46DE8}") = "App", "App", "{A4F66F97-BC07-4521-98EB-90141469D9BF}"
EndProject
Project("{2150E333-8FDC-42A3-9474-1A3956D46DE8}") = "Web", "Web", "{495E4823-D3A8-4FE9-869E-0EFD22419912}"
EndProject
Project("{E53339B2-1760-4266-BCC7-CA923CBCF16C}") = "docker-compose", "docker-compose.dcproj", "{5F6A6868-AC45-4966-9E73-E1AA5F05454F}"
EndProject
Project("{2150E333-8FDC-42A3-9474-1A3956D46DE8}") = "docker", "docker", "{2CC36757-C714-4CE0-BB38-862BB2EF2087}"
EndProject
Project("{9A19103F-16F7-4668-BE54-9A1E7A4F7556}") = "Matricula.Model", "src\Matricula.Modelo\Matricula.Model.csproj", "{56D5EA61-B731-4855-8E1D-6F24774D97C8}"
EndProject
Project("{9A19103F-16F7-4668-BE54-9A1E7A4F7556}") = "Matricula.BL", "src\Matricula.BL\Matricula.BL.csproj", "{6FAB1ECC-B172-47F8-8075-EFE674979626}"
EndProject
Project("{9A19103F-16F7-4668-BE54-9A1E7A4F7556}") = "Matricula.DA", "src\Matricula.DA\Matricula.DA.csproj", "{4005E946-4072-45E0-9239-7331AB7F5F95}"
EndProject
Project("{9A19103F-16F7-4668-BE54-9A1E7A4F7556}") = "Matricula.AppMovil", "src\Matricula.AppMovil\Matricula.AppMovil.csproj", "{7D815B7E-01DE-4C16-9BDB-5BFC16074827}"
EndProject
Project("{9A19103F-16F7-4668-BE54-9A1E7A4F7556}") = "Matricula.SI", "src\Matricula.SI\Matricula.SI.csproj", "{E414493C-2B36-4F98-9E9B-4ADA42765D48}"
EndProject
Project("{9A19103F-16F7-4668-BE54-9A1E7A4F7556}") = "Matricula.UI", "src\Matricula.UI\Matricula.UI.csproj", "{2D00F94A-98C6-4A9E-953C-E2F096D51E8B}"
EndProject
Global
	GlobalSection(SolutionConfigurationPlatforms) = preSolution
		Debug|Any CPU = Debug|Any CPU
		Release|Any CPU = Release|Any CPU
	EndGlobalSection
	GlobalSection(ProjectConfigurationPlatforms) = postSolution
		{5F6A6868-AC45-4966-9E73-E1AA5F05454F}.Debug|Any CPU.ActiveCfg = Debug|Any CPU
		{5F6A6868-AC45-4966-9E73-E1AA5F05454F}.Debug|Any CPU.Build.0 = Debug|Any CPU
		{5F6A6868-AC45-4966-9E73-E1AA5F05454F}.Release|Any CPU.ActiveCfg = Release|Any CPU
		{5F6A6868-AC45-4966-9E73-E1AA5F05454F}.Release|Any CPU.Build.0 = Release|Any CPU
		{56D5EA61-B731-4855-8E1D-6F24774D97C8}.Debug|Any CPU.ActiveCfg = Debug|Any CPU
		{56D5EA61-B731-4855-8E1D-6F24774D97C8}.Debug|Any CPU.Build.0 = Debug|Any CPU
		{56D5EA61-B731-4855-8E1D-6F24774D97C8}.Release|Any CPU.ActiveCfg = Release|Any CPU
		{56D5EA61-B731-4855-8E1D-6F24774D97C8}.Release|Any CPU.Build.0 = Release|Any CPU
		{6FAB1ECC-B172-47F8-8075-EFE674979626}.Debug|Any CPU.ActiveCfg = Debug|Any CPU
		{6FAB1ECC-B172-47F8-8075-EFE674979626}.Debug|Any CPU.Build.0 = Debug|Any CPU
		{6FAB1ECC-B172-47F8-8075-EFE674979626}.Release|Any CPU.ActiveCfg = Release|Any CPU
		{6FAB1ECC-B172-47F8-8075-EFE674979626}.Release|Any CPU.Build.0 = Release|Any CPU
		{4005E946-4072-45E0-9239-7331AB7F5F95}.Debug|Any CPU.ActiveCfg = Debug|Any CPU
		{4005E946-4072-45E0-9239-7331AB7F5F95}.Debug|Any CPU.Build.0 = Debug|Any CPU
		{4005E946-4072-45E0-9239-7331AB7F5F95}.Release|Any CPU.ActiveCfg = Release|Any CPU
		{4005E946-4072-45E0-9239-7331AB7F5F95}.Release|Any CPU.Build.0 = Release|Any CPU
		{7D815B7E-01DE-4C16-9BDB-5BFC16074827}.Debug|Any CPU.ActiveCfg = Debug|Any CPU
		{7D815B7E-01DE-4C16-9BDB-5BFC16074827}.Debug|Any CPU.Build.0 = Debug|Any CPU
		{7D815B7E-01DE-4C16-9BDB-5BFC16074827}.Release|Any CPU.ActiveCfg = Release|Any CPU
		{7D815B7E-01DE-4C16-9BDB-5BFC16074827}.Release|Any CPU.Build.0 = Release|Any CPU
		{E414493C-2B36-4F98-9E9B-4ADA42765D48}.Debug|Any CPU.ActiveCfg = Debug|Any CPU
		{E414493C-2B36-4F98-9E9B-4ADA42765D48}.Debug|Any CPU.Build.0 = Debug|Any CPU
		{E414493C-2B36-4F98-9E9B-4ADA42765D48}.Release|Any CPU.ActiveCfg = Release|Any CPU
		{E414493C-2B36-4F98-9E9B-4ADA42765D48}.Release|Any CPU.Build.0 = Release|Any CPU
		{2D00F94A-98C6-4A9E-953C-E2F096D51E8B}.Debug|Any CPU.ActiveCfg = Debug|Any CPU
		{2D00F94A-98C6-4A9E-953C-E2F096D51E8B}.Debug|Any CPU.Build.0 = Debug|Any CPU
		{2D00F94A-98C6-4A9E-953C-E2F096D51E8B}.Release|Any CPU.ActiveCfg = Release|Any CPU
		{2D00F94A-98C6-4A9E-953C-E2F096D51E8B}.Release|Any CPU.Build.0 = Release|Any CPU
	EndGlobalSection
	GlobalSection(SolutionProperties) = preSolution
		HideSolutionNode = FALSE
	EndGlobalSection
	GlobalSection(NestedProjects) = preSolution
		{5F6A6868-AC45-4966-9E73-E1AA5F05454F} = {2CC36757-C714-4CE0-BB38-862BB2EF2087}
		{56D5EA61-B731-4855-8E1D-6F24774D97C8} = {A4F66F97-BC07-4521-98EB-90141469D9BF}
		{6FAB1ECC-B172-47F8-8075-EFE674979626} = {A4F66F97-BC07-4521-98EB-90141469D9BF}
		{4005E946-4072-45E0-9239-7331AB7F5F95} = {A4F66F97-BC07-4521-98EB-90141469D9BF}
		{7D815B7E-01DE-4C16-9BDB-5BFC16074827} = {661F8963-45D1-49FC-88D8-4FEC67EEBF44}
		{E414493C-2B36-4F98-9E9B-4ADA42765D48} = {495E4823-D3A8-4FE9-869E-0EFD22419912}
		{2D00F94A-98C6-4A9E-953C-E2F096D51E8B} = {495E4823-D3A8-4FE9-869E-0EFD22419912}
	EndGlobalSection
	GlobalSection(ExtensibilityGlobals) = postSolution
		SolutionGuid = {AE900A3A-5716-4E02-8DDC-A1EEF38A3545}
	EndGlobalSection
EndGlobal
